
Microsoft Visual Studio Solution File, Format Version 12.00
# Visual Studio Version 16
VisualStudioVersion = 16.0.31025.194
MinimumVisualStudioVersion = 10.0.40219.1
Project("{9A19103F-16F7-4668-BE54-9A1E7A4F7556}") = "WebApp_AT", "WebApp_AT.csproj", "{3EBBE037-EE7B-44D4-9FA1-150A51C08443}"
EndProject
Global
	GlobalSection(SolutionConfigurationPlatforms) = preSolution
		Debug|Any CPU = Debug|Any CPU
		Release|Any CPU = Release|Any CPU
	EndGlobalSection
	GlobalSection(ProjectConfigurationPlatforms) = postSolution
		{3EBBE037-EE7B-44D4-9FA1-150A51C08443}.Debug|Any CPU.ActiveCfg = Debug|Any CPU
		{3EBBE037-EE7B-44D4-9FA1-150A51C08443}.Debug|Any CPU.Build.0 = Debug|Any CPU
		{3EBBE037-EE7B-44D4-9FA1-150A51C08443}.Release|Any CPU.ActiveCfg = Release|Any CPU
		{3EBBE037-EE7B-44D4-9FA1-150A51C08443}.Release|Any CPU.Build.0 = Release|Any CPU
	EndGlobalSection
	GlobalSection(SolutionProperties) = preSolution
		HideSolutionNode = FALSE
	EndGlobalSection
	GlobalSection(ExtensibilityGlobals) = postSolution
		SolutionGuid = {AF6C8E09-F44D-4768-B471-578AE89658F1}
	EndGlobalSection
EndGlobal
